
Microsoft Visual Studio Solution File, Format Version 12.00
# Visual Studio Version 17
VisualStudioVersion = 17.13.35825.156 d17.13
MinimumVisualStudioVersion = 10.0.40219.1
Project("{FAE04EC0-301F-11D3-BF4B-00C04F79EFBC}") = "G1_MysteryGame", "G1_MysteryGame.csproj", "{BF1F2DF4-B8F5-411C-B55C-43F6A7070918}"
EndProject
Global
	GlobalSection(SolutionConfigurationPlatforms) = preSolution
		Debug|Any CPU = Debug|Any CPU
		Release|Any CPU = Release|Any CPU
	EndGlobalSection
	GlobalSection(ProjectConfigurationPlatforms) = postSolution
		{BF1F2DF4-B8F5-411C-B55C-43F6A7070918}.Debug|Any CPU.ActiveCfg = Debug|Any CPU
		{BF1F2DF4-B8F5-411C-B55C-43F6A7070918}.Debug|Any CPU.Build.0 = Debug|Any CPU
		{BF1F2DF4-B8F5-411C-B55C-43F6A7070918}.Release|Any CPU.ActiveCfg = Release|Any CPU
		{BF1F2DF4-B8F5-411C-B55C-43F6A7070918}.Release|Any CPU.Build.0 = Release|Any CPU
	EndGlobalSection
	GlobalSection(SolutionProperties) = preSolution
		HideSolutionNode = FALSE
	EndGlobalSection
	GlobalSection(ExtensibilityGlobals) = postSolution
		SolutionGuid = {BDE85996-FB2D-4422-A57E-789DC4513258}
	EndGlobalSection
EndGlobal
